
Microsoft Visual Studio Solution File, Format Version 12.00
# Visual Studio 15
VisualStudioVersion = 15.0.27428.2002
MinimumVisualStudioVersion = 10.0.40219.1
Project("{9A19103F-16F7-4668-BE54-9A1E7A4F7556}") = "Utility.NET", "Utility.NET\Utility.NET.csproj", "{4DCC55C7-3182-44F7-BF82-7058B9F00521}"
EndProject
Project("{FAE04EC0-301F-11D3-BF4B-00C04F79EFBC}") = "Utility.WPF", "Utility.WPF\Utility.WPF.csproj", "{ED2B7C8A-1177-4A36-ACF3-9B78900BB25E}"
EndProject
Project("{FAE04EC0-301F-11D3-BF4B-00C04F79EFBC}") = "Utility.WinApi", "Utility.WinApi\Utility.WinApi.csproj", "{94E95DE0-3310-4B4B-8702-5126954370AC}"
EndProject
Project("{FAE04EC0-301F-11D3-BF4B-00C04F79EFBC}") = "Utility.NET.Tests", "Utility.NET.Tests\Utility.NET.Tests.csproj", "{F7BF6A9D-62F9-43EF-A969-0B17692FA944}"
EndProject
Project("{FAE04EC0-301F-11D3-BF4B-00C04F79EFBC}") = "Utility.WPF.Tests", "Utility.WPF.Tests\Utility.WPF.Tests.csproj", "{FDFC40CC-5D1E-4027-8174-DD6C33CA7FA5}"
EndProject
Global
	GlobalSection(Performance) = preSolution
		HasPerformanceSessions = true
	EndGlobalSection
	GlobalSection(SolutionConfigurationPlatforms) = preSolution
		Debug|Any CPU = Debug|Any CPU
		Release|Any CPU = Release|Any CPU
	EndGlobalSection
	GlobalSection(ProjectConfigurationPlatforms) = postSolution
		{4DCC55C7-3182-44F7-BF82-7058B9F00521}.Debug|Any CPU.ActiveCfg = Debug|Any CPU
		{4DCC55C7-3182-44F7-BF82-7058B9F00521}.Debug|Any CPU.Build.0 = Debug|Any CPU
		{4DCC55C7-3182-44F7-BF82-7058B9F00521}.Release|Any CPU.ActiveCfg = Release|Any CPU
		{4DCC55C7-3182-44F7-BF82-7058B9F00521}.Release|Any CPU.Build.0 = Release|Any CPU
		{ED2B7C8A-1177-4A36-ACF3-9B78900BB25E}.Debug|Any CPU.ActiveCfg = Debug|Any CPU
		{ED2B7C8A-1177-4A36-ACF3-9B78900BB25E}.Debug|Any CPU.Build.0 = Debug|Any CPU
		{ED2B7C8A-1177-4A36-ACF3-9B78900BB25E}.Release|Any CPU.ActiveCfg = Release|Any CPU
		{ED2B7C8A-1177-4A36-ACF3-9B78900BB25E}.Release|Any CPU.Build.0 = Release|Any CPU
		{94E95DE0-3310-4B4B-8702-5126954370AC}.Debug|Any CPU.ActiveCfg = Debug|Any CPU
		{94E95DE0-3310-4B4B-8702-5126954370AC}.Debug|Any CPU.Build.0 = Debug|Any CPU
		{94E95DE0-3310-4B4B-8702-5126954370AC}.Release|Any CPU.ActiveCfg = Release|Any CPU
		{94E95DE0-3310-4B4B-8702-5126954370AC}.Release|Any CPU.Build.0 = Release|Any CPU
		{F7BF6A9D-62F9-43EF-A969-0B17692FA944}.Debug|Any CPU.ActiveCfg = Debug|Any CPU
		{F7BF6A9D-62F9-43EF-A969-0B17692FA944}.Debug|Any CPU.Build.0 = Debug|Any CPU
		{F7BF6A9D-62F9-43EF-A969-0B17692FA944}.Release|Any CPU.ActiveCfg = Release|Any CPU
		{F7BF6A9D-62F9-43EF-A969-0B17692FA944}.Release|Any CPU.Build.0 = Release|Any CPU
		{FDFC40CC-5D1E-4027-8174-DD6C33CA7FA5}.Debug|Any CPU.ActiveCfg = Debug|Any CPU
		{FDFC40CC-5D1E-4027-8174-DD6C33CA7FA5}.Debug|Any CPU.Build.0 = Debug|Any CPU
		{FDFC40CC-5D1E-4027-8174-DD6C33CA7FA5}.Release|Any CPU.ActiveCfg = Release|Any CPU
		{FDFC40CC-5D1E-4027-8174-DD6C33CA7FA5}.Release|Any CPU.Build.0 = Release|Any CPU
	EndGlobalSection
	GlobalSection(SolutionProperties) = preSolution
		HideSolutionNode = FALSE
	EndGlobalSection
	GlobalSection(ExtensibilityGlobals) = postSolution
		SolutionGuid = {78DDF839-DA8D-4D56-87FB-CE5A0905588B}
	EndGlobalSection
EndGlobal
